{
  "requires": true,
  "lockfileVersion": 1,
  "dependencies": {
    "@mdi/font": {
      "version": "5.0.45",
      "resolved": "https://registry.npmjs.org/@mdi/font/-/font-5.0.45.tgz",
      "integrity": "sha512-3sOO/UMyQqrmizW5zjvhKJP4FZFO7LblRw4G0alDxK1ekUwNxNXI7hYv8ACAv8H44riBuqlVJ7u39XDqv/Xwuw=="
    }
  }
}
